
Microsoft Visual Studio Solution File, Format Version 12.00
# Visual Studio Version 16
VisualStudioVersion = 16.0.31624.102
MinimumVisualStudioVersion = 10.0.40219.1
Project("{9A19103F-16F7-4668-BE54-9A1E7A4F7556}") = "Windows Auto Unzipper", "Windows Auto Unzipper\Windows Auto Unzipper.csproj", "{6600B664-966B-42AC-B010-84EE79FA5200}"
EndProject
Project("{54435603-DBB4-11D2-8724-00A0C9A8B90C}") = "Windows Auto Unzipper Installer", "Windows Auto Unzipper Installer\Windows Auto Unzipper Installer.vdproj", "{2E61A125-32FF-46C0-9D4E-9DB6FD058897}"
EndProject
Global
	GlobalSection(SolutionConfigurationPlatforms) = preSolution
		Debug|Any CPU = Debug|Any CPU
		Release|Any CPU = Release|Any CPU
	EndGlobalSection
	GlobalSection(ProjectConfigurationPlatforms) = postSolution
		{6600B664-966B-42AC-B010-84EE79FA5200}.Debug|Any CPU.ActiveCfg = Debug|Any CPU
		{6600B664-966B-42AC-B010-84EE79FA5200}.Debug|Any CPU.Build.0 = Debug|Any CPU
		{6600B664-966B-42AC-B010-84EE79FA5200}.Release|Any CPU.ActiveCfg = Release|Any CPU
		{6600B664-966B-42AC-B010-84EE79FA5200}.Release|Any CPU.Build.0 = Release|Any CPU
		{2E61A125-32FF-46C0-9D4E-9DB6FD058897}.Debug|Any CPU.ActiveCfg = Debug
		{2E61A125-32FF-46C0-9D4E-9DB6FD058897}.Release|Any CPU.ActiveCfg = Release
	EndGlobalSection
	GlobalSection(SolutionProperties) = preSolution
		HideSolutionNode = FALSE
	EndGlobalSection
	GlobalSection(ExtensibilityGlobals) = postSolution
		SolutionGuid = {BFA654B0-CF81-4337-AA50-72FBAE4F25C0}
	EndGlobalSection
EndGlobal
